
Microsoft Visual Studio Solution File, Format Version 12.00
# Visual Studio Version 17
VisualStudioVersion = 17.14.36414.22 d17.14
MinimumVisualStudioVersion = 10.0.40219.1
Project("{FAE04EC0-301F-11D3-BF4B-00C04F79EFBC}") = "MvcExampleP421", "MvcExampleP421\MvcExampleP421.csproj", "{3EFBA1C0-0C3D-4AC9-9759-F75D97C26006}"
EndProject
Global
	GlobalSection(SolutionConfigurationPlatforms) = preSolution
		Debug|Any CPU = Debug|Any CPU
		Release|Any CPU = Release|Any CPU
	EndGlobalSection
	GlobalSection(ProjectConfigurationPlatforms) = postSolution
		{3EFBA1C0-0C3D-4AC9-9759-F75D97C26006}.Debug|Any CPU.ActiveCfg = Debug|Any CPU
		{3EFBA1C0-0C3D-4AC9-9759-F75D97C26006}.Debug|Any CPU.Build.0 = Debug|Any CPU
		{3EFBA1C0-0C3D-4AC9-9759-F75D97C26006}.Release|Any CPU.ActiveCfg = Release|Any CPU
		{3EFBA1C0-0C3D-4AC9-9759-F75D97C26006}.Release|Any CPU.Build.0 = Release|Any CPU
	EndGlobalSection
	GlobalSection(SolutionProperties) = preSolution
		HideSolutionNode = FALSE
	EndGlobalSection
	GlobalSection(ExtensibilityGlobals) = postSolution
		SolutionGuid = {8CF94A47-FDA5-4584-BFC7-E525F6D3DF4A}
	EndGlobalSection
EndGlobal
